// !$*UTF8*$!
{
	archiveVersion = 1;
	classes = {
	};
	objectVersion = 50;
	objects = {

/* Begin PBXBuildFile section */
		857F3C0E267CE275007F85DA /* TransformingShapes.swift in Sources */ = {isa = PBXBuildFile; fileRef = 857F3C0D267CE275007F85DA /* TransformingShapes.swift */; };
		857F3C10267CEA5B007F85DA /* CreativeBorders.swift in Sources */ = {isa = PBXBuildFile; fileRef = 857F3C0F267CEA5B007F85DA /* CreativeBorders.swift */; };
		85D7FA952679241B00100172 /* drawing_in_swiftuiApp.swift in Sources */ = {isa = PBXBuildFile; fileRef = 85D7FA942679241B00100172 /* drawing_in_swiftuiApp.swift */; };
		85D7FA972679241B00100172 /* ContentView.swift in Sources */ = {isa = PBXBuildFile; fileRef = 85D7FA962679241B00100172 /* ContentView.swift */; };
		85D7FA992679241F00100172 /* Assets.xcassets in Resources */ = {isa = PBXBuildFile; fileRef = 85D7FA982679241F00100172 /* Assets.xcassets */; };
		85D7FA9C2679241F00100172 /* Preview Assets.xcassets in Resources */ = {isa = PBXBuildFile; fileRef = 85D7FA9B2679241F00100172 /* Preview Assets.xcassets */; };
		85D7FAA72679241F00100172 /* drawing_in_swiftuiTests.swift in Sources */ = {isa = PBXBuildFile; fileRef = 85D7FAA62679241F00100172 /* drawing_in_swiftuiTests.swift */; };
		85D7FAB22679241F00100172 /* drawing_in_swiftuiUITests.swift in Sources */ = {isa = PBXBuildFile; fileRef = 85D7FAB12679241F00100172 /* drawing_in_swiftuiUITests.swift */; };
		85D7FAC02679295600100172 /* CustomPaths.swift in Sources */ = {isa = PBXBuildFile; fileRef = 85D7FABF2679295600100172 /* CustomPaths.swift */; };
		85D7FAC226792B0400100172 /* Shapes.swift in Sources */ = {isa = PBXBuildFile; fileRef = 85D7FAC126792B0400100172 /* Shapes.swift */; };
/* End PBXBuildFile section */

/* Begin PBXContainerItemProxy section */
		85D7FAA32679241F00100172 /* PBXContainerItemProxy */ = {
			isa = PBXContainerItemProxy;
			containerPortal = 85D7FA892679241B00100172 /* Project object */;
			proxyType = 1;
			remoteGlobalIDString = 85D7FA902679241B00100172;
			remoteInfo = "drawing-in-swiftui";
		};
		85D7FAAE2679241F00100172 /* PBXContainerItemProxy */ = {
			isa = PBXContainerItemProxy;
			containerPortal = 85D7FA892679241B00100172 /* Project object */;
			proxyType = 1;
			remoteGlobalIDString = 85D7FA902679241B00100172;
			remoteInfo = "drawing-in-swiftui";
		};
/* End PBXContainerItemProxy section */

/* Begin PBXFileReference section */
		857F3C0D267CE275007F85DA /* TransformingShapes.swift */ = {isa = PBXFileReference; lastKnownFileType = sourcecode.swift; path = TransformingShapes.swift; sourceTree = "<group>"; };
		857F3C0F267CEA5B007F85DA /* CreativeBorders.swift */ = {isa = PBXFileReference; lastKnownFileType = sourcecode.swift; path = CreativeBorders.swift; sourceTree = "<group>"; };
		85D7FA912679241B00100172 /* drawing-in-swiftui.app */ = {isa = PBXFileReference; explicitFileType = wrapper.application; includeInIndex = 0; path = "drawing-in-swiftui.app"; sourceTree = BUILT_PRODUCTS_DIR; };
		85D7FA942679241B00100172 /* drawing_in_swiftuiApp.swift */ = {isa = PBXFileReference; lastKnownFileType = sourcecode.swift; path = drawing_in_swiftuiApp.swift; sourceTree = "<group>"; };
		85D7FA962679241B00100172 /* ContentView.swift */ = {isa = PBXFileReference; lastKnownFileType = sourcecode.swift; path = ContentView.swift; sourceTree = "<group>"; };
		85D7FA982679241F00100172 /* Assets.xcassets */ = {isa = PBXFileReference; lastKnownFileType = folder.assetcatalog; path = Assets.xcassets; sourceTree = "<group>"; };
		85D7FA9B2679241F00100172 /* Preview Assets.xcassets */ = {isa = PBXFileReference; lastKnownFileType = folder.assetcatalog; path = "Preview Assets.xcassets"; sourceTree = "<group>"; };
		85D7FA9D2679241F00100172 /* Info.plist */ = {isa = PBXFileReference; lastKnownFileType = text.plist.xml; path = Info.plist; sourceTree = "<group>"; };
		85D7FAA22679241F00100172 /* drawing-in-swiftuiTests.xctest */ = {isa = PBXFileReference; explicitFileType = wrapper.cfbundle; includeInIndex = 0; path = "drawing-in-swiftuiTests.xctest"; sourceTree = BUILT_PRODUCTS_DIR; };
		85D7FAA62679241F00100172 /* drawing_in_swiftuiTests.swift */ = {isa = PBXFileReference; lastKnownFileType = sourcecode.swift; path = drawing_in_swiftuiTests.swift; sourceTree = "<group>"; };
		85D7FAA82679241F00100172 /* Info.plist */ = {isa = PBXFileReference; lastKnownFileType = text.plist.xml; path = Info.plist; sourceTree = "<group>"; };
		85D7FAAD2679241F00100172 /* drawing-in-swiftuiUITests.xctest */ = {isa = PBXFileReference; explicitFileType = wrapper.cfbundle; includeInIndex = 0; path = "drawing-in-swiftuiUITests.xctest"; sourceTree = BUILT_PRODUCTS_DIR; };
		85D7FAB12679241F00100172 /* drawing_in_swiftuiUITests.swift */ = {isa = PBXFileReference; lastKnownFileType = sourcecode.swift; path = drawing_in_swiftuiUITests.swift; sourceTree = "<group>"; };
		85D7FAB32679241F00100172 /* Info.plist */ = {isa = PBXFileReference; lastKnownFileType = text.plist.xml; path = Info.plist; sourceTree = "<group>"; };
		85D7FABF2679295600100172 /* CustomPaths.swift */ = {isa = PBXFileReference; lastKnownFileType = sourcecode.swift; path = CustomPaths.swift; sourceTree = "<group>"; };
		85D7FAC126792B0400100172 /* Shapes.swift */ = {isa = PBXFileReference; lastKnownFileType = sourcecode.swift; path = Shapes.swift; sourceTree = "<group>"; };
/* End PBXFileReference section */

/* Begin PBXFrameworksBuildPhase section */
		85D7FA8E2679241B00100172 /* Frameworks */ = {
			isa = PBXFrameworksBuildPhase;
			buildActionMask = 2147483647;
			files = (
			);
			runOnlyForDeploymentPostprocessing = 0;
		};
		85D7FA9F2679241F00100172 /* Frameworks */ = {
			isa = PBXFrameworksBuildPhase;
			buildActionMask = 2147483647;
			files = (
			);
			runOnlyForDeploymentPostprocessing = 0;
		};
		85D7FAAA2679241F00100172 /* Frameworks */ = {
			isa = PBXFrameworksBuildPhase;
			buildActionMask = 2147483647;
			files = (
			);
			runOnlyForDeploymentPostprocessing = 0;
		};
/* End PBXFrameworksBuildPhase section */

/* Begin PBXGroup section */
		85D7FA882679241B00100172 = {
			isa = PBXGroup;
			children = (
				85D7FA932679241B00100172 /* drawing-in-swiftui */,
				85D7FAA52679241F00100172 /* drawing-in-swiftuiTests */,
				85D7FAB02679241F00100172 /* drawing-in-swiftuiUITests */,
				85D7FA922679241B00100172 /* Products */,
			);
			sourceTree = "<group>";
		};
		85D7FA922679241B00100172 /* Products */ = {
			isa = PBXGroup;
			children = (
				85D7FA912679241B00100172 /* drawing-in-swiftui.app */,
				85D7FAA22679241F00100172 /* drawing-in-swiftuiTests.xctest */,
				85D7FAAD2679241F00100172 /* drawing-in-swiftuiUITests.xctest */,
			);
			name = Products;
			sourceTree = "<group>";
		};
		85D7FA932679241B00100172 /* drawing-in-swiftui */ = {
			isa = PBXGroup;
			children = (
				85D7FA942679241B00100172 /* drawing_in_swiftuiApp.swift */,
				85D7FA962679241B00100172 /* ContentView.swift */,
				85D7FA982679241F00100172 /* Assets.xcassets */,
				85D7FA9D2679241F00100172 /* Info.plist */,
				85D7FA9A2679241F00100172 /* Preview Content */,
				85D7FABF2679295600100172 /* CustomPaths.swift */,
				85D7FAC126792B0400100172 /* Shapes.swift */,
				857F3C0D267CE275007F85DA /* TransformingShapes.swift */,
				857F3C0F267CEA5B007F85DA /* CreativeBorders.swift */,
			);
			path = "drawing-in-swiftui";
			sourceTree = "<group>";
		};
		85D7FA9A2679241F00100172 /* Preview Content */ = {
			isa = PBXGroup;
			children = (
				85D7FA9B2679241F00100172 /* Preview Assets.xcassets */,
			);
			path = "Preview Content";
			sourceTree = "<group>";
		};
		85D7FAA52679241F00100172 /* drawing-in-swiftuiTests */ = {
			isa = PBXGroup;
			children = (
				85D7FAA62679241F00100172 /* drawing_in_swiftuiTests.swift */,
				85D7FAA82679241F00100172 /* Info.plist */,
			);
			path = "drawing-in-swiftuiTests";
			sourceTree = "<group>";
		};
		85D7FAB02679241F00100172 /* drawing-in-swiftuiUITests */ = {
			isa = PBXGroup;
			children = (
				85D7FAB12679241F00100172 /* drawing_in_swiftuiUITests.swift */,
				85D7FAB32679241F00100172 /* Info.plist */,
			);
			path = "drawing-in-swiftuiUITests";
			sourceTree = "<group>";
		};
/* End PBXGroup section */

/* Begin PBXNativeTarget section */
		85D7FA902679241B00100172 /* drawing-in-swiftui */ = {
			isa = PBXNativeTarget;
			buildConfigurationList = 85D7FAB62679241F00100172 /* Build configuration list for PBXNativeTarget "drawing-in-swiftui" */;
			buildPhases = (
				85D7FA8D2679241B00100172 /* Sources */,
				85D7FA8E2679241B00100172 /* Frameworks */,
				85D7FA8F2679241B00100172 /* Resources */,
			);
			buildRules = (
			);
			dependencies = (
			);
			name = "drawing-in-swiftui";
			productName = "drawing-in-swiftui";
			productReference = 85D7FA912679241B00100172 /* drawing-in-swiftui.app */;
			productType = "com.apple.product-type.application";
		};
		85D7FAA12679241F00100172 /* drawing-in-swiftuiTests */ = {
			isa = PBXNativeTarget;
			buildConfigurationList = 85D7FAB92679241F00100172 /* Build configuration list for PBXNativeTarget "drawing-in-swiftuiTests" */;
			buildPhases = (
				85D7FA9E2679241F00100172 /* Sources */,
				85D7FA9F2679241F00100172 /* Frameworks */,
				85D7FAA02679241F00100172 /* Resources */,
			);
			buildRules = (
			);
			dependencies = (
				85D7FAA42679241F00100172 /* PBXTargetDependency */,
			);
			name = "drawing-in-swiftuiTests";
			productName = "drawing-in-swiftuiTests";
			productReference = 85D7FAA22679241F00100172 /* drawing-in-swiftuiTests.xctest */;
			productType = "com.apple.product-type.bundle.unit-test";
		};
		85D7FAAC2679241F00100172 /* drawing-in-swiftuiUITests */ = {
			isa = PBXNativeTarget;
			buildConfigurationList = 85D7FABC2679241F00100172 /* Build configuration list for PBXNativeTarget "drawing-in-swiftuiUITests" */;
			buildPhases = (
				85D7FAA92679241F00100172 /* Sources */,
				85D7FAAA2679241F00100172 /* Frameworks */,
				85D7FAAB2679241F00100172 /* Resources */,
			);
			buildRules = (
			);
			dependencies = (
				85D7FAAF2679241F00100172 /* PBXTargetDependency */,
			);
			name = "drawing-in-swiftuiUITests";
			productName = "drawing-in-swiftuiUITests";
			productReference = 85D7FAAD2679241F00100172 /* drawing-in-swiftuiUITests.xctest */;
			productType = "com.apple.product-type.bundle.ui-testing";
		};
/* End PBXNativeTarget section */

/* Begin PBXProject section */
		85D7FA892679241B00100172 /* Project object */ = {
			isa = PBXProject;
			attributes = {
				LastSwiftUpdateCheck = 1250;
				LastUpgradeCheck = 1250;
				TargetAttributes = {
					85D7FA902679241B00100172 = {
						CreatedOnToolsVersion = 12.5;
					};
					85D7FAA12679241F00100172 = {
						CreatedOnToolsVersion = 12.5;
						TestTargetID = 85D7FA902679241B00100172;
					};
					85D7FAAC2679241F00100172 = {
						CreatedOnToolsVersion = 12.5;
						TestTargetID = 85D7FA902679241B00100172;
					};
				};
			};
			buildConfigurationList = 85D7FA8C2679241B00100172 /* Build configuration list for PBXProject "drawing-in-swiftui" */;
			compatibilityVersion = "Xcode 9.3";
			developmentRegion = en;
			hasScannedForEncodings = 0;
			knownRegions = (
				en,
				Base,
			);
			mainGroup = 85D7FA882679241B00100172;
			productRefGroup = 85D7FA922679241B00100172 /* Products */;
			projectDirPath = "";
			projectRoot = "";
			targets = (
				85D7FA902679241B00100172 /* drawing-in-swiftui */,
				85D7FAA12679241F00100172 /* drawing-in-swiftuiTests */,
				85D7FAAC2679241F00100172 /* drawing-in-swiftuiUITests */,
			);
		};
/* End PBXProject section */

/* Begin PBXResourcesBuildPhase section */
		85D7FA8F2679241B00100172 /* Resources */ = {
			isa = PBXResourcesBuildPhase;
			buildActionMask = 2147483647;
			files = (
				85D7FA9C2679241F00100172 /* Preview Assets.xcassets in Resources */,
				85D7FA992679241F00100172 /* Assets.xcassets in Resources */,
			);
			runOnlyForDeploymentPostprocessing = 0;
		};
		85D7FAA02679241F00100172 /* Resources */ = {
			isa = PBXResourcesBuildPhase;
			buildActionMask = 2147483647;
			files = (
			);
			runOnlyForDeploymentPostprocessing = 0;
		};
		85D7FAAB2679241F00100172 /* Resources */ = {
			isa = PBXResourcesBuildPhase;
			buildActionMask = 2147483647;
			files = (
			);
			runOnlyForDeploymentPostprocessing = 0;
		};
/* End PBXResourcesBuildPhase section */

/* Begin PBXSourcesBuildPhase section */
		85D7FA8D2679241B00100172 /* Sources */ = {
			isa = PBXSourcesBuildPhase;
			buildActionMask = 2147483647;
			files = (
				857F3C10267CEA5B007F85DA /* CreativeBorders.swift in Sources */,
				85D7FAC02679295600100172 /* CustomPaths.swift in Sources */,
				85D7FA972679241B00100172 /* ContentView.swift in Sources */,
				857F3C0E267CE275007F85DA /* TransformingShapes.swift in Sources */,
				85D7FA952679241B00100172 /* drawing_in_swiftuiApp.swift in Sources */,
				85D7FAC226792B0400100172 /* Shapes.swift in Sources */,
			);
			runOnlyForDeploymentPostprocessing = 0;
		};
		85D7FA9E2679241F00100172 /* Sources */ = {
			isa = PBXSourcesBuildPhase;
			buildActionMask = 2147483647;
			files = (
				85D7FAA72679241F00100172 /* drawing_in_swiftuiTests.swift in Sources */,
			);
			runOnlyForDeploymentPostprocessing = 0;
		};
		85D7FAA92679241F00100172 /* Sources */ = {
			isa = PBXSourcesBuildPhase;
			buildActionMask = 2147483647;
			files = (
				85D7FAB22679241F00100172 /* drawing_in_swiftuiUITests.swift in Sources */,
			);
			runOnlyForDeploymentPostprocessing = 0;
		};
/* End PBXSourcesBuildPhase section */

/* Begin PBXTargetDependency section */
		85D7FAA42679241F00100172 /* PBXTargetDependency */ = {
			isa = PBXTargetDependency;
			target = 85D7FA902679241B00100172 /* drawing-in-swiftui */;
			targetProxy = 85D7FAA32679241F00100172 /* PBXContainerItemProxy */;
		};
		85D7FAAF2679241F00100172 /* PBXTargetDependency */ = {
			isa = PBXTargetDependency;
			target = 85D7FA902679241B00100172 /* drawing-in-swiftui */;
			targetProxy = 85D7FAAE2679241F00100172 /* PBXContainerItemProxy */;
		};
/* End PBXTargetDependency section */

/* Begin XCBuildConfiguration section */
		85D7FAB42679241F00100172 /* Debug */ = {
			isa = XCBuildConfiguration;
			buildSettings = {
				ALWAYS_SEARCH_USER_PATHS = NO;
				CLANG_ANALYZER_NONNULL = YES;
				CLANG_ANALYZER_NUMBER_OBJECT_CONVERSION = YES_AGGRESSIVE;
				CLANG_CXX_LANGUAGE_STANDARD = "gnu++14";
				CLANG_CXX_LIBRARY = "libc++";
				CLANG_ENABLE_MODULES = YES;
				CLANG_ENABLE_OBJC_ARC = YES;
				CLANG_ENABLE_OBJC_WEAK = YES;
				CLANG_WARN_BLOCK_CAPTURE_AUTORELEASING = YES;
				CLANG_WARN_BOOL_CONVERSION = YES;
				CLANG_WARN_COMMA = YES;
				CLANG_WARN_CONSTANT_CONVERSION = YES;
				CLANG_WARN_DEPRECATED_OBJC_IMPLEMENTATIONS = YES;
				CLANG_WARN_DIRECT_OBJC_ISA_USAGE = YES_ERROR;
				CLANG_WARN_DOCUMENTATION_COMMENTS = YES;
				CLANG_WARN_EMPTY_BODY = YES;
				CLANG_WARN_ENUM_CONVERSION = YES;
				CLANG_WARN_INFINITE_RECURSION = YES;
				CLANG_WARN_INT_CONVERSION = YES;
				CLANG_WARN_NON_LITERAL_NULL_CONVERSION = YES;
				CLANG_WARN_OBJC_IMPLICIT_RETAIN_SELF = YES;
				CLANG_WARN_OBJC_LITERAL_CONVERSION = YES;
				CLANG_WARN_OBJC_ROOT_CLASS = YES_ERROR;
				CLANG_WARN_QUOTED_INCLUDE_IN_FRAMEWORK_HEADER = YES;
				CLANG_WARN_RANGE_LOOP_ANALYSIS = YES;
				CLANG_WARN_STRICT_PROTOTYPES = YES;
				CLANG_WARN_SUSPICIOUS_MOVE = YES;
				CLANG_WARN_UNGUARDED_AVAILABILITY = YES_AGGRESSIVE;
				CLANG_WARN_UNREACHABLE_CODE = YES;
				CLANG_WARN__DUPLICATE_METHOD_MATCH = YES;
				COPY_PHASE_STRIP = NO;
				DEBUG_INFORMATION_FORMAT = dwarf;
				ENABLE_STRICT_OBJC_MSGSEND = YES;
				ENABLE_TESTABILITY = YES;
				GCC_C_LANGUAGE_STANDARD = gnu11;
				GCC_DYNAMIC_NO_PIC = NO;
				GCC_NO_COMMON_BLOCKS = YES;
				GCC_OPTIMIZATION_LEVEL = 0;
				GCC_PREPROCESSOR_DEFINITIONS = (
					"DEBUG=1",
					"$(inherited)",
				);
				GCC_WARN_64_TO_32_BIT_CONVERSION = YES;
				GCC_WARN_ABOUT_RETURN_TYPE = YES_ERROR;
				GCC_WARN_UNDECLARED_SELECTOR = YES;
				GCC_WARN_UNINITIALIZED_AUTOS = YES_AGGRESSIVE;
				GCC_WARN_UNUSED_FUNCTION = YES;
				GCC_WARN_UNUSED_VARIABLE = YES;
				IPHONEOS_DEPLOYMENT_TARGET = 14.5;
				MTL_ENABLE_DEBUG_INFO = INCLUDE_SOURCE;
				MTL_FAST_MATH = YES;
				ONLY_ACTIVE_ARCH = YES;
				SDKROOT = iphoneos;
				SWIFT_ACTIVE_COMPILATION_CONDITIONS = DEBUG;
				SWIFT_OPTIMIZATION_LEVEL = "-Onone";
			};
			name = Debug;
		};
		85D7FAB52679241F00100172 /* Release */ = {
			isa = XCBuildConfiguration;
			buildSettings = {
				ALWAYS_SEARCH_USER_PATHS = NO;
				CLANG_ANALYZER_NONNULL = YES;
				CLANG_ANALYZER_NUMBER_OBJECT_CONVERSION = YES_AGGRESSIVE;
				CLANG_CXX_LANGUAGE_STANDARD = "gnu++14";
				CLANG_CXX_LIBRARY = "libc++";
				CLANG_ENABLE_MODULES = YES;
				CLANG_ENABLE_OBJC_ARC = YES;
				CLANG_ENABLE_OBJC_WEAK = YES;
				CLANG_WARN_BLOCK_CAPTURE_AUTORELEASING = YES;
				CLANG_WARN_BOOL_CONVERSION = YES;
				CLANG_WARN_COMMA = YES;
				CLANG_WARN_CONSTANT_CONVERSION = YES;
				CLANG_WARN_DEPRECATED_OBJC_IMPLEMENTATIONS = YES;
				CLANG_WARN_DIRECT_OBJC_ISA_USAGE = YES_ERROR;
				CLANG_WARN_DOCUMENTATION_COMMENTS = YES;
				CLANG_WARN_EMPTY_BODY = YES;
				CLANG_WARN_ENUM_CONVERSION = YES;
				CLANG_WARN_INFINITE_RECURSION = YES;
				CLANG_WARN_INT_CONVERSION = YES;
				CLANG_WARN_NON_LITERAL_NULL_CONVERSION = YES;
				CLANG_WARN_OBJC_IMPLICIT_RETAIN_SELF = YES;
				CLANG_WARN_OBJC_LITERAL_CONVERSION = YES;
				CLANG_WARN_OBJC_ROOT_CLASS = YES_ERROR;
				CLANG_WARN_QUOTED_INCLUDE_IN_FRAMEWORK_HEADER = YES;
				CLANG_WARN_RANGE_LOOP_ANALYSIS = YES;
				CLANG_WARN_STRICT_PROTOTYPES = YES;
				CLANG_WARN_SUSPICIOUS_MOVE = YES;
				CLANG_WARN_UNGUARDED_AVAILABILITY = YES_AGGRESSIVE;
				CLANG_WARN_UNREACHABLE_CODE = YES;
				CLANG_WARN__DUPLICATE_METHOD_MATCH = YES;
				COPY_PHASE_STRIP = NO;
				DEBUG_INFORMATION_FORMAT = "dwarf-with-dsym";
				ENABLE_NS_ASSERTIONS = NO;
				ENABLE_STRICT_OBJC_MSGSEND = YES;
				GCC_C_LANGUAGE_STANDARD = gnu11;
				GCC_NO_COMMON_BLOCKS = YES;
				GCC_WARN_64_TO_32_BIT_CONVERSION = YES;
				GCC_WARN_ABOUT_RETURN_TYPE = YES_ERROR;
				GCC_WARN_UNDECLARED_SELECTOR = YES;
				GCC_WARN_UNINITIALIZED_AUTOS = YES_AGGRESSIVE;
				GCC_WARN_UNUSED_FUNCTION = YES;
				GCC_WARN_UNUSED_VARIABLE = YES;
				IPHONEOS_DEPLOYMENT_TARGET = 14.5;
				MTL_ENABLE_DEBUG_INFO = NO;
				MTL_FAST_MATH = YES;
				SDKROOT = iphoneos;
				SWIFT_COMPILATION_MODE = wholemodule;
				SWIFT_OPTIMIZATION_LEVEL = "-O";
				VALIDATE_PRODUCT = YES;
			};
			name = Release;
		};
		85D7FAB72679241F00100172 /* Debug */ = {
			isa = XCBuildConfiguration;
			buildSettings = {
				ASSETCATALOG_COMPILER_APPICON_NAME = AppIcon;
				ASSETCATALOG_COMPILER_GLOBAL_ACCENT_COLOR_NAME = AccentColor;
				CODE_SIGN_STYLE = Automatic;
				DEVELOPMENT_ASSET_PATHS = "\"drawing-in-swiftui/Preview Content\"";
				DEVELOPMENT_TEAM = T9DDB4H4HQ;
				ENABLE_PREVIEWS = YES;
				INFOPLIST_FILE = "drawing-in-swiftui/Info.plist";
				IPHONEOS_DEPLOYMENT_TARGET = 14.0;
				LD_RUNPATH_SEARCH_PATHS = (
					"$(inherited)",
					"@executable_path/Frameworks",
				);
				PRODUCT_BUNDLE_IDENTIFIER = "com.atinagnihotri.drawing-in-swiftui";
				PRODUCT_NAME = "$(TARGET_NAME)";
				SWIFT_VERSION = 5.0;
				TARGETED_DEVICE_FAMILY = "1,2";
			};
			name = Debug;
		};
		85D7FAB82679241F00100172 /* Release */ = {
			isa = XCBuildConfiguration;
			buildSettings = {
				ASSETCATALOG_COMPILER_APPICON_NAME = AppIcon;
				ASSETCATALOG_COMPILER_GLOBAL_ACCENT_COLOR_NAME = AccentColor;
				CODE_SIGN_STYLE = Automatic;
				DEVELOPMENT_ASSET_PATHS = "\"drawing-in-swiftui/Preview Content\"";
				DEVELOPMENT_TEAM = T9DDB4H4HQ;
				ENABLE_PREVIEWS = YES;
				INFOPLIST_FILE = "drawing-in-swiftui/Info.plist";
				IPHONEOS_DEPLOYMENT_TARGET = 14.0;
				LD_RUNPATH_SEARCH_PATHS = (
					"$(inherited)",
					"@executable_path/Frameworks",
				);
				PRODUCT_BUNDLE_IDENTIFIER = "com.atinagnihotri.drawing-in-swiftui";
				PRODUCT_NAME = "$(TARGET_NAME)";
				SWIFT_VERSION = 5.0;
				TARGETED_DEVICE_FAMILY = "1,2";
			};
			name = Release;
		};
		85D7FABA2679241F00100172 /* Debug */ = {
			isa = XCBuildConfiguration;
			buildSettings = {
				ALWAYS_EMBED_SWIFT_STANDARD_LIBRARIES = YES;
				BUNDLE_LOADER = "$(TEST_HOST)";
				CODE_SIGN_STYLE = Automatic;
				DEVELOPMENT_TEAM = T9DDB4H4HQ;
				INFOPLIST_FILE = "drawing-in-swiftuiTests/Info.plist";
				IPHONEOS_DEPLOYMENT_TARGET = 14.0;
				LD_RUNPATH_SEARCH_PATHS = (
					"$(inherited)",
					"@executable_path/Frameworks",
					"@loader_path/Frameworks",
				);
				PRODUCT_BUNDLE_IDENTIFIER = "com.atinagnihotri.drawing-in-swiftuiTests";
				PRODUCT_NAME = "$(TARGET_NAME)";
				SWIFT_VERSION = 5.0;
				TARGETED_DEVICE_FAMILY = "1,2";
				TEST_HOST = "$(BUILT_PRODUCTS_DIR)/drawing-in-swiftui.app/drawing-in-swiftui";
			};
			name = Debug;
		};
		85D7FABB2679241F00100172 /* Release */ = {
			isa = XCBuildConfiguration;
			buildSettings = {
				ALWAYS_EMBED_SWIFT_STANDARD_LIBRARIES = YES;
				BUNDLE_LOADER = "$(TEST_HOST)";
				CODE_SIGN_STYLE = Automatic;
				DEVELOPMENT_TEAM = T9DDB4H4HQ;
				INFOPLIST_FILE = "drawing-in-swiftuiTests/Info.plist";
				IPHONEOS_DEPLOYMENT_TARGET = 14.0;
				LD_RUNPATH_SEARCH_PATHS = (
					"$(inherited)",
					"@executable_path/Frameworks",
					"@loader_path/Frameworks",
				);
				PRODUCT_BUNDLE_IDENTIFIER = "com.atinagnihotri.drawing-in-swiftuiTests";
				PRODUCT_NAME = "$(TARGET_NAME)";
				SWIFT_VERSION = 5.0;
				TARGETED_DEVICE_FAMILY = "1,2";
				TEST_HOST = "$(BUILT_PRODUCTS_DIR)/drawing-in-swiftui.app/drawing-in-swiftui";
			};
			name = Release;
		};
		85D7FABD2679241F00100172 /* Debug */ = {
			isa = XCBuildConfiguration;
			buildSettings = {
				ALWAYS_EMBED_SWIFT_STANDARD_LIBRARIES = YES;
				CODE_SIGN_STYLE = Automatic;
				DEVELOPMENT_TEAM = T9DDB4H4HQ;
				INFOPLIST_FILE = "drawing-in-swiftuiUITests/Info.plist";
				LD_RUNPATH_SEARCH_PATHS = (
					"$(inherited)",
					"@executable_path/Frameworks",
					"@loader_path/Frameworks",
				);
				PRODUCT_BUNDLE_IDENTIFIER = "com.atinagnihotri.drawing-in-swiftuiUITests";
				PRODUCT_NAME = "$(TARGET_NAME)";
				SWIFT_VERSION = 5.0;
				TARGETED_DEVICE_FAMILY = "1,2";
				TEST_TARGET_NAME = "drawing-in-swiftui";
			};
			name = Debug;
		};
		85D7FABE2679241F00100172 /* Release */ = {
			isa = XCBuildConfiguration;
			buildSettings = {
				ALWAYS_EMBED_SWIFT_STANDARD_LIBRARIES = YES;
				CODE_SIGN_STYLE = Automatic;
				DEVELOPMENT_TEAM = T9DDB4H4HQ;
				INFOPLIST_FILE = "drawing-in-swiftuiUITests/Info.plist";
				LD_RUNPATH_SEARCH_PATHS = (
					"$(inherited)",
					"@executable_path/Frameworks",
					"@loader_path/Frameworks",
				);
				PRODUCT_BUNDLE_IDENTIFIER = "com.atinagnihotri.drawing-in-swiftuiUITests";
				PRODUCT_NAME = "$(TARGET_NAME)";
				SWIFT_VERSION = 5.0;
				TARGETED_DEVICE_FAMILY = "1,2";
				TEST_TARGET_NAME = "drawing-in-swiftui";
			};
			name = Release;
		};
/* End XCBuildConfiguration section */

/* Begin XCConfigurationList section */
		85D7FA8C2679241B00100172 /* Build configuration list for PBXProject "drawing-in-swiftui" */ = {
			isa = XCConfigurationList;
			buildConfigurations = (
				85D7FAB42679241F00100172 /* Debug */,
				85D7FAB52679241F00100172 /* Release */,
			);
			defaultConfigurationIsVisible = 0;
			defaultConfigurationName = Release;
		};
		85D7FAB62679241F00100172 /* Build configuration list for PBXNativeTarget "drawing-in-swiftui" */ = {
			isa = XCConfigurationList;
			buildConfigurations = (
				85D7FAB72679241F00100172 /* Debug */,
				85D7FAB82679241F00100172 /* Release */,
			);
			defaultConfigurationIsVisible = 0;
			defaultConfigurationName = Release;
		};
		85D7FAB92679241F00100172 /* Build configuration list for PBXNativeTarget "drawing-in-swiftuiTests" */ = {
			isa = XCConfigurationList;
			buildConfigurations = (
				85D7FABA2679241F00100172 /* Debug */,
				85D7FABB2679241F00100172 /* Release */,
			);
			defaultConfigurationIsVisible = 0;
			defaultConfigurationName = Release;
		};
		85D7FABC2679241F00100172 /* Build configuration list for PBXNativeTarget "drawing-in-swiftuiUITests" */ = {
			isa = XCConfigurationList;
			buildConfigurations = (
				85D7FABD2679241F00100172 /* Debug */,
				85D7FABE2679241F00100172 /* Release */,
			);
			defaultConfigurationIsVisible = 0;
			defaultConfigurationName = Release;
		};
/* End XCConfigurationList section */
	};
	rootObject = 85D7FA892679241B00100172 /* Project object */;
}
